
Microsoft Visual Studio Solution File, Format Version 12.00
# Visual Studio Version 16
VisualStudioVersion = 16.6.30114.105
MinimumVisualStudioVersion = 10.0.40219.1
Project("{9A19103F-16F7-4668-BE54-9A1E7A4F7556}") = "SimpleProducer", "SimpleProducer\SimpleProducer.csproj", "{5C0A33F9-0883-41DD-9FF2-0187246D4CAD}"
EndProject
Project("{9A19103F-16F7-4668-BE54-9A1E7A4F7556}") = "SimpleConsumer", "SimpleConsumer\SimpleConsumer.csproj", "{FAB0A817-7AB5-46AA-B939-E920427103FC}"
EndProject
Project("{9A19103F-16F7-4668-BE54-9A1E7A4F7556}") = "SessionProducer", "SessionProducer\SessionProducer.csproj", "{C657FF3E-009A-4CB4-8898-5F747D3F54E2}"
EndProject
Project("{9A19103F-16F7-4668-BE54-9A1E7A4F7556}") = "SessionConsumer", "SessionConsumer\SessionConsumer.csproj", "{9A978CC3-FC74-4363-85F9-84F50F9A4443}"
EndProject
Project("{FAE04EC0-301F-11D3-BF4B-00C04F79EFBC}") = "Common", "Common\Common.csproj", "{718DBE11-E7E1-4219-B56D-3D15D460281F}"
EndProject
Global
	GlobalSection(SolutionConfigurationPlatforms) = preSolution
		Debug|Any CPU = Debug|Any CPU
		Debug|x64 = Debug|x64
		Debug|x86 = Debug|x86
		Release|Any CPU = Release|Any CPU
		Release|x64 = Release|x64
		Release|x86 = Release|x86
	EndGlobalSection
	GlobalSection(ProjectConfigurationPlatforms) = postSolution
		{5C0A33F9-0883-41DD-9FF2-0187246D4CAD}.Debug|Any CPU.ActiveCfg = Debug|Any CPU
		{5C0A33F9-0883-41DD-9FF2-0187246D4CAD}.Debug|Any CPU.Build.0 = Debug|Any CPU
		{5C0A33F9-0883-41DD-9FF2-0187246D4CAD}.Debug|x64.ActiveCfg = Debug|Any CPU
		{5C0A33F9-0883-41DD-9FF2-0187246D4CAD}.Debug|x64.Build.0 = Debug|Any CPU
		{5C0A33F9-0883-41DD-9FF2-0187246D4CAD}.Debug|x86.ActiveCfg = Debug|Any CPU
		{5C0A33F9-0883-41DD-9FF2-0187246D4CAD}.Debug|x86.Build.0 = Debug|Any CPU
		{5C0A33F9-0883-41DD-9FF2-0187246D4CAD}.Release|Any CPU.ActiveCfg = Release|Any CPU
		{5C0A33F9-0883-41DD-9FF2-0187246D4CAD}.Release|Any CPU.Build.0 = Release|Any CPU
		{5C0A33F9-0883-41DD-9FF2-0187246D4CAD}.Release|x64.ActiveCfg = Release|Any CPU
		{5C0A33F9-0883-41DD-9FF2-0187246D4CAD}.Release|x64.Build.0 = Release|Any CPU
		{5C0A33F9-0883-41DD-9FF2-0187246D4CAD}.Release|x86.ActiveCfg = Release|Any CPU
		{5C0A33F9-0883-41DD-9FF2-0187246D4CAD}.Release|x86.Build.0 = Release|Any CPU
		{FAB0A817-7AB5-46AA-B939-E920427103FC}.Debug|Any CPU.ActiveCfg = Debug|Any CPU
		{FAB0A817-7AB5-46AA-B939-E920427103FC}.Debug|Any CPU.Build.0 = Debug|Any CPU
		{FAB0A817-7AB5-46AA-B939-E920427103FC}.Debug|x64.ActiveCfg = Debug|Any CPU
		{FAB0A817-7AB5-46AA-B939-E920427103FC}.Debug|x64.Build.0 = Debug|Any CPU
		{FAB0A817-7AB5-46AA-B939-E920427103FC}.Debug|x86.ActiveCfg = Debug|Any CPU
		{FAB0A817-7AB5-46AA-B939-E920427103FC}.Debug|x86.Build.0 = Debug|Any CPU
		{FAB0A817-7AB5-46AA-B939-E920427103FC}.Release|Any CPU.ActiveCfg = Release|Any CPU
		{FAB0A817-7AB5-46AA-B939-E920427103FC}.Release|Any CPU.Build.0 = Release|Any CPU
		{FAB0A817-7AB5-46AA-B939-E920427103FC}.Release|x64.ActiveCfg = Release|Any CPU
		{FAB0A817-7AB5-46AA-B939-E920427103FC}.Release|x64.Build.0 = Release|Any CPU
		{FAB0A817-7AB5-46AA-B939-E920427103FC}.Release|x86.ActiveCfg = Release|Any CPU
		{FAB0A817-7AB5-46AA-B939-E920427103FC}.Release|x86.Build.0 = Release|Any CPU
		{C657FF3E-009A-4CB4-8898-5F747D3F54E2}.Debug|Any CPU.ActiveCfg = Debug|Any CPU
		{C657FF3E-009A-4CB4-8898-5F747D3F54E2}.Debug|Any CPU.Build.0 = Debug|Any CPU
		{C657FF3E-009A-4CB4-8898-5F747D3F54E2}.Debug|x64.ActiveCfg = Debug|Any CPU
		{C657FF3E-009A-4CB4-8898-5F747D3F54E2}.Debug|x64.Build.0 = Debug|Any CPU
		{C657FF3E-009A-4CB4-8898-5F747D3F54E2}.Debug|x86.ActiveCfg = Debug|Any CPU
		{C657FF3E-009A-4CB4-8898-5F747D3F54E2}.Debug|x86.Build.0 = Debug|Any CPU
		{C657FF3E-009A-4CB4-8898-5F747D3F54E2}.Release|Any CPU.ActiveCfg = Release|Any CPU
		{C657FF3E-009A-4CB4-8898-5F747D3F54E2}.Release|Any CPU.Build.0 = Release|Any CPU
		{C657FF3E-009A-4CB4-8898-5F747D3F54E2}.Release|x64.ActiveCfg = Release|Any CPU
		{C657FF3E-009A-4CB4-8898-5F747D3F54E2}.Release|x64.Build.0 = Release|Any CPU
		{C657FF3E-009A-4CB4-8898-5F747D3F54E2}.Release|x86.ActiveCfg = Release|Any CPU
		{C657FF3E-009A-4CB4-8898-5F747D3F54E2}.Release|x86.Build.0 = Release|Any CPU
		{9A978CC3-FC74-4363-85F9-84F50F9A4443}.Debug|Any CPU.ActiveCfg = Debug|Any CPU
		{9A978CC3-FC74-4363-85F9-84F50F9A4443}.Debug|Any CPU.Build.0 = Debug|Any CPU
		{9A978CC3-FC74-4363-85F9-84F50F9A4443}.Debug|x64.ActiveCfg = Debug|Any CPU
		{9A978CC3-FC74-4363-85F9-84F50F9A4443}.Debug|x64.Build.0 = Debug|Any CPU
		{9A978CC3-FC74-4363-85F9-84F50F9A4443}.Debug|x86.ActiveCfg = Debug|Any CPU
		{9A978CC3-FC74-4363-85F9-84F50F9A4443}.Debug|x86.Build.0 = Debug|Any CPU
		{9A978CC3-FC74-4363-85F9-84F50F9A4443}.Release|Any CPU.ActiveCfg = Release|Any CPU
		{9A978CC3-FC74-4363-85F9-84F50F9A4443}.Release|Any CPU.Build.0 = Release|Any CPU
		{9A978CC3-FC74-4363-85F9-84F50F9A4443}.Release|x64.ActiveCfg = Release|Any CPU
		{9A978CC3-FC74-4363-85F9-84F50F9A4443}.Release|x64.Build.0 = Release|Any CPU
		{9A978CC3-FC74-4363-85F9-84F50F9A4443}.Release|x86.ActiveCfg = Release|Any CPU
		{9A978CC3-FC74-4363-85F9-84F50F9A4443}.Release|x86.Build.0 = Release|Any CPU
		{718DBE11-E7E1-4219-B56D-3D15D460281F}.Debug|Any CPU.ActiveCfg = Debug|Any CPU
		{718DBE11-E7E1-4219-B56D-3D15D460281F}.Debug|Any CPU.Build.0 = Debug|Any CPU
		{718DBE11-E7E1-4219-B56D-3D15D460281F}.Debug|x64.ActiveCfg = Debug|Any CPU
		{718DBE11-E7E1-4219-B56D-3D15D460281F}.Debug|x64.Build.0 = Debug|Any CPU
		{718DBE11-E7E1-4219-B56D-3D15D460281F}.Debug|x86.ActiveCfg = Debug|Any CPU
		{718DBE11-E7E1-4219-B56D-3D15D460281F}.Debug|x86.Build.0 = Debug|Any CPU
		{718DBE11-E7E1-4219-B56D-3D15D460281F}.Release|Any CPU.ActiveCfg = Release|Any CPU
		{718DBE11-E7E1-4219-B56D-3D15D460281F}.Release|Any CPU.Build.0 = Release|Any CPU
		{718DBE11-E7E1-4219-B56D-3D15D460281F}.Release|x64.ActiveCfg = Release|Any CPU
		{718DBE11-E7E1-4219-B56D-3D15D460281F}.Release|x64.Build.0 = Release|Any CPU
		{718DBE11-E7E1-4219-B56D-3D15D460281F}.Release|x86.ActiveCfg = Release|Any CPU
		{718DBE11-E7E1-4219-B56D-3D15D460281F}.Release|x86.Build.0 = Release|Any CPU
	EndGlobalSection
	GlobalSection(SolutionProperties) = preSolution
		HideSolutionNode = FALSE
	EndGlobalSection
	GlobalSection(ExtensibilityGlobals) = postSolution
		SolutionGuid = {3BC13BC1-AA6F-45F3-BD22-21042BD691FD}
	EndGlobalSection
EndGlobal
